
Microsoft Visual Studio Solution File, Format Version 12.00
# Visual Studio Version 17
VisualStudioVersion = 17.13.35806.99
MinimumVisualStudioVersion = 10.0.40219.1
Project("{8BC9CEB8-8B4A-11D0-8D11-00A0C91BC942}") = "Core", "Core\Core.vcxproj", "{5978CC2F-AEA1-4D72-9876-D40AFE245E81}"
EndProject
Project("{8BC9CEB8-8B4A-11D0-8D11-00A0C91BC942}") = "CoreUI", "CoreUI\CoreUI.vcxproj", "{886A5802-50C3-4DF0-A185-68707E48F525}"
EndProject
Project("{8BC9CEB8-8B4A-11D0-8D11-00A0C91BC942}") = "BuilderGui", "BuilderGui\BuilderGui.vcxproj", "{0953A855-D370-45DD-A761-F3BF6A53F798}"
EndProject
Project("{8BC9CEB8-8B4A-11D0-8D11-00A0C91BC942}") = "TestCore", "TestCore\TestCore.vcxproj", "{DA4EC2CD-9BA8-4D6B-89AA-AFF8537BF9AE}"
EndProject
Project("{8BC9CEB8-8B4A-11D0-8D11-00A0C91BC942}") = "DataManager", "DataManager\DataManager.vcxproj", "{A9CB2E9D-98A0-45B2-8804-2EE6A6417E88}"
EndProject
Global
	GlobalSection(SolutionConfigurationPlatforms) = preSolution
		Debug|x64 = Debug|x64
		Debug|x86 = Debug|x86
		Release|x64 = Release|x64
		Release|x86 = Release|x86
	EndGlobalSection
	GlobalSection(ProjectConfigurationPlatforms) = postSolution
		{5978CC2F-AEA1-4D72-9876-D40AFE245E81}.Debug|x64.ActiveCfg = Debug|x64
		{5978CC2F-AEA1-4D72-9876-D40AFE245E81}.Debug|x64.Build.0 = Debug|x64
		{5978CC2F-AEA1-4D72-9876-D40AFE245E81}.Debug|x86.ActiveCfg = Debug|Win32
		{5978CC2F-AEA1-4D72-9876-D40AFE245E81}.Debug|x86.Build.0 = Debug|Win32
		{5978CC2F-AEA1-4D72-9876-D40AFE245E81}.Release|x64.ActiveCfg = Release|x64
		{5978CC2F-AEA1-4D72-9876-D40AFE245E81}.Release|x64.Build.0 = Release|x64
		{5978CC2F-AEA1-4D72-9876-D40AFE245E81}.Release|x86.ActiveCfg = Release|Win32
		{5978CC2F-AEA1-4D72-9876-D40AFE245E81}.Release|x86.Build.0 = Release|Win32
		{886A5802-50C3-4DF0-A185-68707E48F525}.Debug|x64.ActiveCfg = Debug|x64
		{886A5802-50C3-4DF0-A185-68707E48F525}.Debug|x64.Build.0 = Debug|x64
		{886A5802-50C3-4DF0-A185-68707E48F525}.Debug|x86.ActiveCfg = Debug|Win32
		{886A5802-50C3-4DF0-A185-68707E48F525}.Debug|x86.Build.0 = Debug|Win32
		{886A5802-50C3-4DF0-A185-68707E48F525}.Release|x64.ActiveCfg = Release|x64
		{886A5802-50C3-4DF0-A185-68707E48F525}.Release|x64.Build.0 = Release|x64
		{886A5802-50C3-4DF0-A185-68707E48F525}.Release|x86.ActiveCfg = Release|Win32
		{886A5802-50C3-4DF0-A185-68707E48F525}.Release|x86.Build.0 = Release|Win32
		{0953A855-D370-45DD-A761-F3BF6A53F798}.Debug|x64.ActiveCfg = Debug|x64
		{0953A855-D370-45DD-A761-F3BF6A53F798}.Debug|x64.Build.0 = Debug|x64
		{0953A855-D370-45DD-A761-F3BF6A53F798}.Debug|x86.ActiveCfg = Debug|Win32
		{0953A855-D370-45DD-A761-F3BF6A53F798}.Debug|x86.Build.0 = Debug|Win32
		{0953A855-D370-45DD-A761-F3BF6A53F798}.Release|x64.ActiveCfg = Release|x64
		{0953A855-D370-45DD-A761-F3BF6A53F798}.Release|x64.Build.0 = Release|x64
		{0953A855-D370-45DD-A761-F3BF6A53F798}.Release|x86.ActiveCfg = Release|Win32
		{0953A855-D370-45DD-A761-F3BF6A53F798}.Release|x86.Build.0 = Release|Win32
		{DA4EC2CD-9BA8-4D6B-89AA-AFF8537BF9AE}.Debug|x64.ActiveCfg = Debug|x64
		{DA4EC2CD-9BA8-4D6B-89AA-AFF8537BF9AE}.Debug|x64.Build.0 = Debug|x64
		{DA4EC2CD-9BA8-4D6B-89AA-AFF8537BF9AE}.Debug|x86.ActiveCfg = Debug|Win32
		{DA4EC2CD-9BA8-4D6B-89AA-AFF8537BF9AE}.Debug|x86.Build.0 = Debug|Win32
		{DA4EC2CD-9BA8-4D6B-89AA-AFF8537BF9AE}.Release|x64.ActiveCfg = Release|x64
		{DA4EC2CD-9BA8-4D6B-89AA-AFF8537BF9AE}.Release|x64.Build.0 = Release|x64
		{DA4EC2CD-9BA8-4D6B-89AA-AFF8537BF9AE}.Release|x86.ActiveCfg = Release|Win32
		{DA4EC2CD-9BA8-4D6B-89AA-AFF8537BF9AE}.Release|x86.Build.0 = Release|Win32
		{A9CB2E9D-98A0-45B2-8804-2EE6A6417E88}.Debug|x64.ActiveCfg = Debug|x64
		{A9CB2E9D-98A0-45B2-8804-2EE6A6417E88}.Debug|x64.Build.0 = Debug|x64
		{A9CB2E9D-98A0-45B2-8804-2EE6A6417E88}.Debug|x86.ActiveCfg = Debug|Win32
		{A9CB2E9D-98A0-45B2-8804-2EE6A6417E88}.Debug|x86.Build.0 = Debug|Win32
		{A9CB2E9D-98A0-45B2-8804-2EE6A6417E88}.Release|x64.ActiveCfg = Release|x64
		{A9CB2E9D-98A0-45B2-8804-2EE6A6417E88}.Release|x64.Build.0 = Release|x64
		{A9CB2E9D-98A0-45B2-8804-2EE6A6417E88}.Release|x86.ActiveCfg = Release|Win32
		{A9CB2E9D-98A0-45B2-8804-2EE6A6417E88}.Release|x86.Build.0 = Release|Win32
	EndGlobalSection
	GlobalSection(SolutionProperties) = preSolution
		HideSolutionNode = FALSE
	EndGlobalSection
	GlobalSection(ExtensibilityGlobals) = postSolution
		SolutionGuid = {080BC1C1-1F69-425A-9336-4026C76666AA}
	EndGlobalSection
EndGlobal
