<?xml version="1.0" encoding="utf-8"?>
<Project ToolsVersion="4.0" xmlns="http://schemas.microsoft.com/developer/msbuild/2003">
  <ItemGroup>
    <Filter Include="Resource Files">
      <UniqueIdentifier>{67DA6AB6-F800-4c08-8B7A-83BB121AAD01}</UniqueIdentifier>
      <Extensions>rc;ico;cur;bmp;dlg;rc2;rct;bin;rgs;gif;jpg;jpeg;jpe;resx;tiff;tif;png;wav;mfcribbon-ms</Extensions>
    </Filter>
    <Filter Include="Header Files">
      <UniqueIdentifier>{87e712b6-de34-496c-965d-41c16295efb8}</UniqueIdentifier>
    </Filter>
    <Filter Include="Source FIles">
      <UniqueIdentifier>{5b955c00-bf0b-42b5-ab3b-18752f73d26e}</UniqueIdentifier>
    </Filter>
  </ItemGroup>
  <ItemGroup>
    <ClInclude Include="include\type.hpp">
      <Filter>Header Files</Filter>
    </ClInclude>
    <ClInclude Include="include\core.h">
      <Filter>Header Files</Filter>
    </ClInclude>
    <ClInclude Include="include\crypt.h">
      <Filter>Header Files</Filter>
    </ClInclude>
    <ClInclude Include="include\database.h">
      <Filter>Header Files</Filter>
    </ClInclude>
    <ClInclude Include="include\memory.h">
      <Filter>Header Files</Filter>
    </ClInclude>
    <ClInclude Include="include\type.h">
      <Filter>Header Files</Filter>
    </ClInclude>
  </ItemGroup>
  <ItemGroup>
    <ClCompile Include="source\core.cpp">
      <Filter>Source FIles</Filter>
    </ClCompile>
    <ClCompile Include="source\database.cpp">
      <Filter>Source FIles</Filter>
    </ClCompile>
    <ClCompile Include="source\crypt.cpp">
      <Filter>Source FIles</Filter>
    </ClCompile>
    <ClCompile Include="source\memory.cpp">
      <Filter>Source FIles</Filter>
    </ClCompile>
    <ClCompile Include="source\pch.cpp">
      <Filter>Source FIles</Filter>
    </ClCompile>
  </ItemGroup>
</Project>