<?xml version="1.0" encoding="utf-8"?>
<Project ToolsVersion="4.0" xmlns="http://schemas.microsoft.com/developer/msbuild/2003">
  <ItemGroup>
    <Filter Include="Source Files">
      <UniqueIdentifier>{4FC737F1-C7A5-4376-A066-2A32D752A2FF}</UniqueIdentifier>
      <Extensions>cpp;c;cc;cxx;c++;cppm;ixx;def;odl;idl;hpj;bat;asm;asmx</Extensions>
    </Filter>
    <Filter Include="Resource Files">
      <UniqueIdentifier>{67DA6AB6-F800-4c08-8B7A-83BB121AAD01}</UniqueIdentifier>
      <Extensions>rc;ico;cur;bmp;dlg;rc2;rct;bin;rgs;gif;jpg;jpeg;jpe;resx;tiff;tif;png;wav;mfcribbon-ms</Extensions>
    </Filter>
    <Filter Include="Header FIles">
      <UniqueIdentifier>{b297acb6-51e5-4e53-887c-790091515328}</UniqueIdentifier>
    </Filter>
  </ItemGroup>
  <ItemGroup>
    <ClCompile Include="source\button.cpp">
      <Filter>Source Files</Filter>
    </ClCompile>
    <ClCompile Include="source\gui.cpp">
      <Filter>Source Files</Filter>
    </ClCompile>
    <ClCompile Include="source\menu.cpp">
      <Filter>Source Files</Filter>
    </ClCompile>
    <ClCompile Include="source\pch.cpp">
      <Filter>Source Files</Filter>
    </ClCompile>
    <ClCompile Include="source\text.cpp">
      <Filter>Source Files</Filter>
    </ClCompile>
    <ClCompile Include="source\window.cpp">
      <Filter>Source Files</Filter>
    </ClCompile>
  </ItemGroup>
  <ItemGroup>
    <Image Include="small.ico">
      <Filter>Resource Files</Filter>
    </Image>
    <Image Include="CoreUI.ico">
      <Filter>Resource Files</Filter>
    </Image>
  </ItemGroup>
  <ItemGroup>
    <ClInclude Include="include\button.h">
      <Filter>Header FIles</Filter>
    </ClInclude>
    <ClInclude Include="include\CoreUI.h">
      <Filter>Header FIles</Filter>
    </ClInclude>
    <ClInclude Include="include\framework.h">
      <Filter>Header FIles</Filter>
    </ClInclude>
    <ClInclude Include="include\gui.h">
      <Filter>Header FIles</Filter>
    </ClInclude>
    <ClInclude Include="include\menu.h">
      <Filter>Header FIles</Filter>
    </ClInclude>
    <ClInclude Include="include\pch.h">
      <Filter>Header FIles</Filter>
    </ClInclude>
    <ClInclude Include="include\Resource.h">
      <Filter>Header FIles</Filter>
    </ClInclude>
    <ClInclude Include="include\targetver.h">
      <Filter>Header FIles</Filter>
    </ClInclude>
    <ClInclude Include="include\text.h">
      <Filter>Header FIles</Filter>
    </ClInclude>
    <ClInclude Include="include\window.h">
      <Filter>Header FIles</Filter>
    </ClInclude>
  </ItemGroup>
  <ItemGroup>
    <ResourceCompile Include="resources\CoreUI.rc">
      <Filter>Resource Files</Filter>
    </ResourceCompile>
  </ItemGroup>
</Project>